
Microsoft Visual Studio Solution File, Format Version 12.00
# Visual Studio Version 16
VisualStudioVersion = 16.0.31605.320
MinimumVisualStudioVersion = 10.0.40219.1
Project("{FAE04EC0-301F-11D3-BF4B-00C04F79EFBC}") = "DVideoPlayer.NET", "DVideoPlayer.NET.csproj", "{2FA76A48-98AC-464D-AD17-FDD132927F29}"
EndProject
Global
	GlobalSection(SolutionConfigurationPlatforms) = preSolution
		Debug|Any CPU = Debug|Any CPU
		Release|Any CPU = Release|Any CPU
	EndGlobalSection
	GlobalSection(ProjectConfigurationPlatforms) = postSolution
		{2FA76A48-98AC-464D-AD17-FDD132927F29}.Debug|Any CPU.ActiveCfg = Debug|Any CPU
		{2FA76A48-98AC-464D-AD17-FDD132927F29}.Debug|Any CPU.Build.0 = Debug|Any CPU
		{2FA76A48-98AC-464D-AD17-FDD132927F29}.Release|Any CPU.ActiveCfg = Release|Any CPU
		{2FA76A48-98AC-464D-AD17-FDD132927F29}.Release|Any CPU.Build.0 = Release|Any CPU
	EndGlobalSection
	GlobalSection(SolutionProperties) = preSolution
		HideSolutionNode = FALSE
	EndGlobalSection
	GlobalSection(ExtensibilityGlobals) = postSolution
		SolutionGuid = {228EB8C6-DE3F-4F57-89A0-150E2DACC9C0}
	EndGlobalSection
EndGlobal
